
Microsoft Visual Studio Solution File, Format Version 12.00
# Visual Studio Version 16
VisualStudioVersion = 16.0.31205.134
MinimumVisualStudioVersion = 10.0.40219.1
Project("{FAE04EC0-301F-11D3-BF4B-00C04F79EFBC}") = "CinemaApi", "CinemaApi\CinemaApi.csproj", "{9EB8C57C-99AA-4E30-863E-C312E1561CFE}"
EndProject
Global
	GlobalSection(SolutionConfigurationPlatforms) = preSolution
		Debug|Any CPU = Debug|Any CPU
		Release|Any CPU = Release|Any CPU
	EndGlobalSection
	GlobalSection(ProjectConfigurationPlatforms) = postSolution
		{9EB8C57C-99AA-4E30-863E-C312E1561CFE}.Debug|Any CPU.ActiveCfg = Debug|Any CPU
		{9EB8C57C-99AA-4E30-863E-C312E1561CFE}.Debug|Any CPU.Build.0 = Debug|Any CPU
		{9EB8C57C-99AA-4E30-863E-C312E1561CFE}.Release|Any CPU.ActiveCfg = Release|Any CPU
		{9EB8C57C-99AA-4E30-863E-C312E1561CFE}.Release|Any CPU.Build.0 = Release|Any CPU
	EndGlobalSection
	GlobalSection(SolutionProperties) = preSolution
		HideSolutionNode = FALSE
	EndGlobalSection
	GlobalSection(ExtensibilityGlobals) = postSolution
		SolutionGuid = {0383903D-45D9-4D2B-A17E-16813699296E}
	EndGlobalSection
EndGlobal
